
Microsoft Visual Studio Solution File, Format Version 12.00
# Visual Studio Version 16
VisualStudioVersion = 16.0.31105.61
MinimumVisualStudioVersion = 10.0.40219.1
Project("{FAE04EC0-301F-11D3-BF4B-00C04F79EFBC}") = "dyakonenkoPoezd", "dyakonenkoPoezd\dyakonenkoPoezd.csproj", "{B8FA3E7F-1321-48CA-A0D7-FA205B51BFAE}"
EndProject
Global
	GlobalSection(SolutionConfigurationPlatforms) = preSolution
		Debug|Any CPU = Debug|Any CPU
		Release|Any CPU = Release|Any CPU
	EndGlobalSection
	GlobalSection(ProjectConfigurationPlatforms) = postSolution
		{B8FA3E7F-1321-48CA-A0D7-FA205B51BFAE}.Debug|Any CPU.ActiveCfg = Debug|Any CPU
		{B8FA3E7F-1321-48CA-A0D7-FA205B51BFAE}.Debug|Any CPU.Build.0 = Debug|Any CPU
		{B8FA3E7F-1321-48CA-A0D7-FA205B51BFAE}.Release|Any CPU.ActiveCfg = Release|Any CPU
		{B8FA3E7F-1321-48CA-A0D7-FA205B51BFAE}.Release|Any CPU.Build.0 = Release|Any CPU
	EndGlobalSection
	GlobalSection(SolutionProperties) = preSolution
		HideSolutionNode = FALSE
	EndGlobalSection
	GlobalSection(ExtensibilityGlobals) = postSolution
		SolutionGuid = {C8ABA006-1632-45DF-8DF5-4C0675E0DB32}
	EndGlobalSection
EndGlobal
