
Microsoft Visual Studio Solution File, Format Version 12.00
# Visual Studio Version 16
VisualStudioVersion = 16.0.31105.61
MinimumVisualStudioVersion = 10.0.40219.1
Project("{FAE04EC0-301F-11D3-BF4B-00C04F79EFBC}") = "DyakonenkoBMIcalculator", "DyakonenkoBMIcalculator\DyakonenkoBMIcalculator.csproj", "{813A4B6B-8E8B-40E3-AFA5-5FC6E73DE8B5}"
EndProject
Global
	GlobalSection(SolutionConfigurationPlatforms) = preSolution
		Debug|Any CPU = Debug|Any CPU
		Release|Any CPU = Release|Any CPU
	EndGlobalSection
	GlobalSection(ProjectConfigurationPlatforms) = postSolution
		{813A4B6B-8E8B-40E3-AFA5-5FC6E73DE8B5}.Debug|Any CPU.ActiveCfg = Debug|Any CPU
		{813A4B6B-8E8B-40E3-AFA5-5FC6E73DE8B5}.Debug|Any CPU.Build.0 = Debug|Any CPU
		{813A4B6B-8E8B-40E3-AFA5-5FC6E73DE8B5}.Release|Any CPU.ActiveCfg = Release|Any CPU
		{813A4B6B-8E8B-40E3-AFA5-5FC6E73DE8B5}.Release|Any CPU.Build.0 = Release|Any CPU
	EndGlobalSection
	GlobalSection(SolutionProperties) = preSolution
		HideSolutionNode = FALSE
	EndGlobalSection
	GlobalSection(ExtensibilityGlobals) = postSolution
		SolutionGuid = {96ADF818-C309-40CF-A767-44BD2FABC8E5}
	EndGlobalSection
EndGlobal
