
Microsoft Visual Studio Solution File, Format Version 12.00
# Visual Studio Version 16
VisualStudioVersion = 16.0.31105.61
MinimumVisualStudioVersion = 10.0.40219.1
Project("{FAE04EC0-301F-11D3-BF4B-00C04F79EFBC}") = "DyakonenoAvtomobil", "DyakonenoAvtomobil\DyakonenoAvtomobil.csproj", "{AD492F19-E4C1-4EF9-A198-B91C152D6C20}"
EndProject
Global
	GlobalSection(SolutionConfigurationPlatforms) = preSolution
		Debug|Any CPU = Debug|Any CPU
		Release|Any CPU = Release|Any CPU
	EndGlobalSection
	GlobalSection(ProjectConfigurationPlatforms) = postSolution
		{AD492F19-E4C1-4EF9-A198-B91C152D6C20}.Debug|Any CPU.ActiveCfg = Debug|Any CPU
		{AD492F19-E4C1-4EF9-A198-B91C152D6C20}.Debug|Any CPU.Build.0 = Debug|Any CPU
		{AD492F19-E4C1-4EF9-A198-B91C152D6C20}.Release|Any CPU.ActiveCfg = Release|Any CPU
		{AD492F19-E4C1-4EF9-A198-B91C152D6C20}.Release|Any CPU.Build.0 = Release|Any CPU
	EndGlobalSection
	GlobalSection(SolutionProperties) = preSolution
		HideSolutionNode = FALSE
	EndGlobalSection
	GlobalSection(ExtensibilityGlobals) = postSolution
		SolutionGuid = {6C1CD9EE-D9D8-45C4-A859-0BD7BC4DA047}
	EndGlobalSection
EndGlobal
